
Microsoft Visual Studio Solution File, Format Version 12.00
# Visual Studio 15
VisualStudioVersion = 15.0.28307.329
MinimumVisualStudioVersion = 10.0.40219.1
Project("{FAE04EC0-301F-11D3-BF4B-00C04F79EFBC}") = "Komis", "Komis\Komis.csproj", "{0D678051-9620-41EB-A41D-D66F384347BC}"
EndProject
Global
	GlobalSection(SolutionConfigurationPlatforms) = preSolution
		Debug|Any CPU = Debug|Any CPU
		Release|Any CPU = Release|Any CPU
	EndGlobalSection
	GlobalSection(ProjectConfigurationPlatforms) = postSolution
		{0D678051-9620-41EB-A41D-D66F384347BC}.Debug|Any CPU.ActiveCfg = Debug|Any CPU
		{0D678051-9620-41EB-A41D-D66F384347BC}.Debug|Any CPU.Build.0 = Debug|Any CPU
		{0D678051-9620-41EB-A41D-D66F384347BC}.Release|Any CPU.ActiveCfg = Release|Any CPU
		{0D678051-9620-41EB-A41D-D66F384347BC}.Release|Any CPU.Build.0 = Release|Any CPU
	EndGlobalSection
	GlobalSection(SolutionProperties) = preSolution
		HideSolutionNode = FALSE
	EndGlobalSection
	GlobalSection(ExtensibilityGlobals) = postSolution
		SolutionGuid = {63D189ED-704D-4CB3-9454-07B849EC2271}
	EndGlobalSection
EndGlobal
